
Microsoft Visual Studio Solution File, Format Version 12.00
# Visual Studio 2012
Project("{FAE04EC0-301F-11D3-BF4B-00C04F79EFBC}") = "net-ocad-lib", "net-ocad-lib.csproj", "{DD6182D1-968B-434D-B04E-2DED7A5C72E2}"
EndProject
Project("{FAE04EC0-301F-11D3-BF4B-00C04F79EFBC}") = "net-ocad-lib.Tests", "..\net-ocad-lib.Tests\net-ocad-lib.Tests.csproj", "{C8711126-D064-483D-A198-394E049D437D}"
EndProject
Project("{FAE04EC0-301F-11D3-BF4B-00C04F79EFBC}") = "net-ocad-lib.drawing", "..\net-ocad-lib.drawing\net-ocad-lib.drawing.csproj", "{22D9D648-8E5E-420D-8D2C-5A04C2586A43}"
EndProject
Global
	GlobalSection(SolutionConfigurationPlatforms) = preSolution
		Debug|Any CPU = Debug|Any CPU
		Release|Any CPU = Release|Any CPU
	EndGlobalSection
	GlobalSection(ProjectConfigurationPlatforms) = postSolution
		{DD6182D1-968B-434D-B04E-2DED7A5C72E2}.Debug|Any CPU.ActiveCfg = Debug|Any CPU
		{DD6182D1-968B-434D-B04E-2DED7A5C72E2}.Debug|Any CPU.Build.0 = Debug|Any CPU
		{DD6182D1-968B-434D-B04E-2DED7A5C72E2}.Release|Any CPU.ActiveCfg = Release|Any CPU
		{DD6182D1-968B-434D-B04E-2DED7A5C72E2}.Release|Any CPU.Build.0 = Release|Any CPU
		{C8711126-D064-483D-A198-394E049D437D}.Debug|Any CPU.ActiveCfg = Debug|Any CPU
		{C8711126-D064-483D-A198-394E049D437D}.Debug|Any CPU.Build.0 = Debug|Any CPU
		{C8711126-D064-483D-A198-394E049D437D}.Release|Any CPU.ActiveCfg = Release|Any CPU
		{C8711126-D064-483D-A198-394E049D437D}.Release|Any CPU.Build.0 = Release|Any CPU
		{22D9D648-8E5E-420D-8D2C-5A04C2586A43}.Debug|Any CPU.ActiveCfg = Debug|Any CPU
		{22D9D648-8E5E-420D-8D2C-5A04C2586A43}.Debug|Any CPU.Build.0 = Debug|Any CPU
		{22D9D648-8E5E-420D-8D2C-5A04C2586A43}.Release|Any CPU.ActiveCfg = Release|Any CPU
		{22D9D648-8E5E-420D-8D2C-5A04C2586A43}.Release|Any CPU.Build.0 = Release|Any CPU
	EndGlobalSection
	GlobalSection(SolutionProperties) = preSolution
		HideSolutionNode = FALSE
	EndGlobalSection
EndGlobal
